
Microsoft Visual Studio Solution File, Format Version 12.00
# Visual Studio Version 17
VisualStudioVersion = 17.14.36221.1 d17.14
MinimumVisualStudioVersion = 10.0.40219.1
Project("{FAE04EC0-301F-11D3-BF4B-00C04F79EFBC}") = "BankApp_Assignment_2_", "BankApp_Assignment_2_\BankApp_Assignment_2_.csproj", "{2488458E-6F35-4849-9D6D-306225B5EDC8}"
EndProject
Global
	GlobalSection(SolutionConfigurationPlatforms) = preSolution
		Debug|Any CPU = Debug|Any CPU
		Release|Any CPU = Release|Any CPU
	EndGlobalSection
	GlobalSection(ProjectConfigurationPlatforms) = postSolution
		{2488458E-6F35-4849-9D6D-306225B5EDC8}.Debug|Any CPU.ActiveCfg = Debug|Any CPU
		{2488458E-6F35-4849-9D6D-306225B5EDC8}.Debug|Any CPU.Build.0 = Debug|Any CPU
		{2488458E-6F35-4849-9D6D-306225B5EDC8}.Release|Any CPU.ActiveCfg = Release|Any CPU
		{2488458E-6F35-4849-9D6D-306225B5EDC8}.Release|Any CPU.Build.0 = Release|Any CPU
	EndGlobalSection
	GlobalSection(SolutionProperties) = preSolution
		HideSolutionNode = FALSE
	EndGlobalSection
	GlobalSection(ExtensibilityGlobals) = postSolution
		SolutionGuid = {EAA7EAD4-58B1-41D6-88E7-59B46951BF2D}
	EndGlobalSection
EndGlobal
