
Microsoft Visual Studio Solution File, Format Version 12.00
# Visual Studio Version 17
VisualStudioVersion = 17.14.36221.1 d17.14
MinimumVisualStudioVersion = 10.0.40219.1
Project("{FAE04EC0-301F-11D3-BF4B-00C04F79EFBC}") = "Task-OOP", "Task-OOP\Task-OOP.csproj", "{BEB39F0C-B051-45D8-AB12-E7431B28A31E}"
EndProject
Global
	GlobalSection(SolutionConfigurationPlatforms) = preSolution
		Debug|Any CPU = Debug|Any CPU
		Release|Any CPU = Release|Any CPU
	EndGlobalSection
	GlobalSection(ProjectConfigurationPlatforms) = postSolution
		{BEB39F0C-B051-45D8-AB12-E7431B28A31E}.Debug|Any CPU.ActiveCfg = Debug|Any CPU
		{BEB39F0C-B051-45D8-AB12-E7431B28A31E}.Debug|Any CPU.Build.0 = Debug|Any CPU
		{BEB39F0C-B051-45D8-AB12-E7431B28A31E}.Release|Any CPU.ActiveCfg = Release|Any CPU
		{BEB39F0C-B051-45D8-AB12-E7431B28A31E}.Release|Any CPU.Build.0 = Release|Any CPU
	EndGlobalSection
	GlobalSection(SolutionProperties) = preSolution
		HideSolutionNode = FALSE
	EndGlobalSection
	GlobalSection(ExtensibilityGlobals) = postSolution
		SolutionGuid = {78DAA29E-AF9D-4825-A263-B1C5C2798CA9}
	EndGlobalSection
EndGlobal
